
Microsoft Visual Studio Solution File, Format Version 12.00
# Visual Studio Version 17
VisualStudioVersion = 17.7.34031.279
MinimumVisualStudioVersion = 10.0.40219.1
Project("{9A19103F-16F7-4668-BE54-9A1E7A4F7556}") = "PlaywrightXunit", "PlaywrightXunit\PlaywrightXunit.csproj", "{03F15897-91FF-4929-9331-94AF6DD2FF60}"
EndProject
Project("{2150E333-8FDC-42A3-9474-1A3956D46DE8}") = "Solution Items", "Solution Items", "{4D8EE525-9413-4004-96F3-35520371C681}"
	ProjectSection(SolutionItems) = preProject
		.editorconfig = .editorconfig
		.gitattributes = .gitattributes
		.gitignore = .gitignore
		codeMetricsConfig.txt = codeMetricsConfig.txt
		Directory.Build.props = Directory.Build.props
		Directory.Packages.props = Directory.Packages.props
		docfx.json = docfx.json
		LICENSE.txt = LICENSE.txt
		README.md = README.md
	EndProjectSection
EndProject
Project("{9A19103F-16F7-4668-BE54-9A1E7A4F7556}") = "PlaywrightXunitParallel", "PlaywrightXunitParallel\PlaywrightXunitParallel.csproj", "{0B13E7D2-E5AF-466F-95D2-B0C5C9E1400F}"
EndProject
Project("{2150E333-8FDC-42A3-9474-1A3956D46DE8}") = "Common Projects", "Common Projects", "{C9E4088A-B9E3-4A6C-86CC-16F3C80FF65F}"
EndProject
Project("{9A19103F-16F7-4668-BE54-9A1E7A4F7556}") = "Helpers", "Common\Helpers\Helpers.csproj", "{E12F0CD0-48D2-4343-A592-6EEA23B7DEE2}"
EndProject
Project("{9A19103F-16F7-4668-BE54-9A1E7A4F7556}") = "Helpers.Tests", "Common\Helpers.Tests\Helpers.Tests.csproj", "{A0A37AA0-EA7B-44B2-9543-CB4800D6AD8B}"
EndProject
Project("{2150E333-8FDC-42A3-9474-1A3956D46DE8}") = "scripts", "scripts", "{7D7BA844-5C4B-46FE-9890-1B17AFF8E1B3}"
	ProjectSection(SolutionItems) = preProject
		Utilities\scripts\install_tools.ps1 = Utilities\scripts\install_tools.ps1
		Utilities\scripts\serve_coverage.ps1 = Utilities\scripts\serve_coverage.ps1
		Utilities\scripts\serve_docs.ps1 = Utilities\scripts\serve_docs.ps1
		Utilities\scripts\serve_report.ps1 = Utilities\scripts\serve_report.ps1
	EndProjectSection
EndProject
Global
	GlobalSection(SolutionConfigurationPlatforms) = preSolution
		Debug|Any CPU = Debug|Any CPU
		Release|Any CPU = Release|Any CPU
	EndGlobalSection
	GlobalSection(ProjectConfigurationPlatforms) = postSolution
		{03F15897-91FF-4929-9331-94AF6DD2FF60}.Debug|Any CPU.ActiveCfg = Debug|Any CPU
		{03F15897-91FF-4929-9331-94AF6DD2FF60}.Debug|Any CPU.Build.0 = Debug|Any CPU
		{03F15897-91FF-4929-9331-94AF6DD2FF60}.Release|Any CPU.ActiveCfg = Release|Any CPU
		{03F15897-91FF-4929-9331-94AF6DD2FF60}.Release|Any CPU.Build.0 = Release|Any CPU
		{0B13E7D2-E5AF-466F-95D2-B0C5C9E1400F}.Debug|Any CPU.ActiveCfg = ChromiumDebug|Any CPU
		{0B13E7D2-E5AF-466F-95D2-B0C5C9E1400F}.Debug|Any CPU.Build.0 = ChromiumDebug|Any CPU
		{0B13E7D2-E5AF-466F-95D2-B0C5C9E1400F}.Release|Any CPU.ActiveCfg = WebkitRelease|Any CPU
		{0B13E7D2-E5AF-466F-95D2-B0C5C9E1400F}.Release|Any CPU.Build.0 = WebkitRelease|Any CPU
		{E12F0CD0-48D2-4343-A592-6EEA23B7DEE2}.Debug|Any CPU.ActiveCfg = Debug|Any CPU
		{E12F0CD0-48D2-4343-A592-6EEA23B7DEE2}.Debug|Any CPU.Build.0 = Debug|Any CPU
		{E12F0CD0-48D2-4343-A592-6EEA23B7DEE2}.Release|Any CPU.ActiveCfg = Release|Any CPU
		{E12F0CD0-48D2-4343-A592-6EEA23B7DEE2}.Release|Any CPU.Build.0 = Release|Any CPU
		{A0A37AA0-EA7B-44B2-9543-CB4800D6AD8B}.Debug|Any CPU.ActiveCfg = Debug|Any CPU
		{A0A37AA0-EA7B-44B2-9543-CB4800D6AD8B}.Debug|Any CPU.Build.0 = Debug|Any CPU
		{A0A37AA0-EA7B-44B2-9543-CB4800D6AD8B}.Release|Any CPU.ActiveCfg = Release|Any CPU
		{A0A37AA0-EA7B-44B2-9543-CB4800D6AD8B}.Release|Any CPU.Build.0 = Release|Any CPU
	EndGlobalSection
	GlobalSection(SolutionProperties) = preSolution
		HideSolutionNode = FALSE
	EndGlobalSection
	GlobalSection(NestedProjects) = preSolution
		{E12F0CD0-48D2-4343-A592-6EEA23B7DEE2} = {C9E4088A-B9E3-4A6C-86CC-16F3C80FF65F}
		{A0A37AA0-EA7B-44B2-9543-CB4800D6AD8B} = {C9E4088A-B9E3-4A6C-86CC-16F3C80FF65F}
		{7D7BA844-5C4B-46FE-9890-1B17AFF8E1B3} = {4D8EE525-9413-4004-96F3-35520371C681}
	EndGlobalSection
	GlobalSection(ExtensibilityGlobals) = postSolution
		SolutionGuid = {89E9FA5B-5FBF-4973-BD85-27E268667EE0}
	EndGlobalSection
EndGlobal
