
Microsoft Visual Studio Solution File, Format Version 12.00
# Visual Studio Version 17
VisualStudioVersion = 17.7.34031.279
MinimumVisualStudioVersion = 10.0.40219.1
Project("{FAE04EC0-301F-11D3-BF4B-00C04F79EFBC}") = "PlaywrightXunit", "PlaywrightXunit\PlaywrightXunit.csproj", "{03F15897-91FF-4929-9331-94AF6DD2FF60}"
EndProject
Global
	GlobalSection(SolutionConfigurationPlatforms) = preSolution
		Debug|Any CPU = Debug|Any CPU
		Release|Any CPU = Release|Any CPU
	EndGlobalSection
	GlobalSection(ProjectConfigurationPlatforms) = postSolution
		{03F15897-91FF-4929-9331-94AF6DD2FF60}.Debug|Any CPU.ActiveCfg = Debug|Any CPU
		{03F15897-91FF-4929-9331-94AF6DD2FF60}.Debug|Any CPU.Build.0 = Debug|Any CPU
		{03F15897-91FF-4929-9331-94AF6DD2FF60}.Release|Any CPU.ActiveCfg = Release|Any CPU
		{03F15897-91FF-4929-9331-94AF6DD2FF60}.Release|Any CPU.Build.0 = Release|Any CPU
	EndGlobalSection
	GlobalSection(SolutionProperties) = preSolution
		HideSolutionNode = FALSE
	EndGlobalSection
	GlobalSection(ExtensibilityGlobals) = postSolution
		SolutionGuid = {89E9FA5B-5FBF-4973-BD85-27E268667EE0}
	EndGlobalSection
EndGlobal
